
Microsoft Visual Studio Solution File, Format Version 12.00
# Visual Studio Version 16
VisualStudioVersion = 16.0.29728.190
MinimumVisualStudioVersion = 10.0.40219.1
Project("{FAE04EC0-301F-11D3-BF4B-00C04F79EFBC}") = "Javascipt Assignment", "Javascipt Assignment\Javascipt Assignment.csproj", "{4AAFB3A7-F815-49BC-B5A4-C9CEF91B658B}"
EndProject
Global
	GlobalSection(SolutionConfigurationPlatforms) = preSolution
		Debug|Any CPU = Debug|Any CPU
		Release|Any CPU = Release|Any CPU
	EndGlobalSection
	GlobalSection(ProjectConfigurationPlatforms) = postSolution
		{4AAFB3A7-F815-49BC-B5A4-C9CEF91B658B}.Debug|Any CPU.ActiveCfg = Debug|Any CPU
		{4AAFB3A7-F815-49BC-B5A4-C9CEF91B658B}.Debug|Any CPU.Build.0 = Debug|Any CPU
		{4AAFB3A7-F815-49BC-B5A4-C9CEF91B658B}.Release|Any CPU.ActiveCfg = Release|Any CPU
		{4AAFB3A7-F815-49BC-B5A4-C9CEF91B658B}.Release|Any CPU.Build.0 = Release|Any CPU
	EndGlobalSection
	GlobalSection(SolutionProperties) = preSolution
		HideSolutionNode = FALSE
	EndGlobalSection
	GlobalSection(ExtensibilityGlobals) = postSolution
		SolutionGuid = {1395451A-089C-4576-BBD8-88AAD0FE01D9}
	EndGlobalSection
EndGlobal
